
Microsoft Visual Studio Solution File, Format Version 12.00
# Visual Studio Version 17
VisualStudioVersion = 17.8.34511.84
MinimumVisualStudioVersion = 10.0.40219.1
Project("{9A19103F-16F7-4668-BE54-9A1E7A4F7556}") = "NEA", "NEA\NEA.csproj", "{835D479C-697A-4B58-8B49-BC42E6B79C46}"
EndProject
Project("{FAE04EC0-301F-11D3-BF4B-00C04F79EFBC}") = "WindowsFormsApp1", "WindowsFormsApp1\WindowsFormsApp1.csproj", "{FC88B0AB-D1A2-4610-91D9-76C940989EE5}"
EndProject
Global
	GlobalSection(SolutionConfigurationPlatforms) = preSolution
		Debug|Any CPU = Debug|Any CPU
		Release|Any CPU = Release|Any CPU
	EndGlobalSection
	GlobalSection(ProjectConfigurationPlatforms) = postSolution
		{835D479C-697A-4B58-8B49-BC42E6B79C46}.Debug|Any CPU.ActiveCfg = Debug|Any CPU
		{835D479C-697A-4B58-8B49-BC42E6B79C46}.Debug|Any CPU.Build.0 = Debug|Any CPU
		{835D479C-697A-4B58-8B49-BC42E6B79C46}.Release|Any CPU.ActiveCfg = Release|Any CPU
		{835D479C-697A-4B58-8B49-BC42E6B79C46}.Release|Any CPU.Build.0 = Release|Any CPU
		{FC88B0AB-D1A2-4610-91D9-76C940989EE5}.Debug|Any CPU.ActiveCfg = Debug|Any CPU
		{FC88B0AB-D1A2-4610-91D9-76C940989EE5}.Debug|Any CPU.Build.0 = Debug|Any CPU
		{FC88B0AB-D1A2-4610-91D9-76C940989EE5}.Release|Any CPU.ActiveCfg = Release|Any CPU
		{FC88B0AB-D1A2-4610-91D9-76C940989EE5}.Release|Any CPU.Build.0 = Release|Any CPU
	EndGlobalSection
	GlobalSection(SolutionProperties) = preSolution
		HideSolutionNode = FALSE
	EndGlobalSection
	GlobalSection(ExtensibilityGlobals) = postSolution
		SolutionGuid = {BEBC1D73-AB49-42F2-91E7-99D1FB249F51}
	EndGlobalSection
EndGlobal
